
Microsoft Visual Studio Solution File, Format Version 12.00
# Visual Studio Version 17
VisualStudioVersion = 17.5.002.0
MinimumVisualStudioVersion = 10.0.40219.1
Project("{9A19103F-16F7-4668-BE54-9A1E7A4F7556}") = "inss", "inss.csproj", "{B87F48E6-FEED-4B91-951E-2B327139D0E3}"
EndProject
Global
	GlobalSection(SolutionConfigurationPlatforms) = preSolution
		Debug|Any CPU = Debug|Any CPU
		Release|Any CPU = Release|Any CPU
	EndGlobalSection
	GlobalSection(ProjectConfigurationPlatforms) = postSolution
		{B87F48E6-FEED-4B91-951E-2B327139D0E3}.Debug|Any CPU.ActiveCfg = Debug|Any CPU
		{B87F48E6-FEED-4B91-951E-2B327139D0E3}.Debug|Any CPU.Build.0 = Debug|Any CPU
		{B87F48E6-FEED-4B91-951E-2B327139D0E3}.Release|Any CPU.ActiveCfg = Release|Any CPU
		{B87F48E6-FEED-4B91-951E-2B327139D0E3}.Release|Any CPU.Build.0 = Release|Any CPU
	EndGlobalSection
	GlobalSection(SolutionProperties) = preSolution
		HideSolutionNode = FALSE
	EndGlobalSection
	GlobalSection(ExtensibilityGlobals) = postSolution
		SolutionGuid = {FBF408DE-23E7-4BB2-A45A-18E65CF7D600}
	EndGlobalSection
EndGlobal
